# This file is autogenerated, do not edit; changes may be undone by the next 'dep ensure'.


[[projects]]
  branch = "master"
  name = "github.com/davecgh/go-spew"
  packages = ["spew"]
  revision = "5215b55f46b2b919f50a1df0eaa5886afe4e3b3d"

[[projects]]
  name = "github.com/pmezard/go-difflib"
  packages = ["difflib"]
  revision = "792786c7400a136282c1664665ae0a8db921c6c2"
  version = "v1.0.0"

[[projects]]
  branch = "master"
  name = "github.com/stretchr/testify"
  packages = ["assert"]
  revision = "05e8a0eda380579888eb53c394909df027f06991"

[solve-meta]
  analyzer-name = "dep"
  analyzer-version = 1
  inputs-digest = "229b117ce0bc14efdd38d21bce5bb75f2ab67db1a949fb886bad21a4be0fc614"
  solver-name = "gps-cdcl"
  solver-version = 1
